// !$*UTF8*$!
{
	archiveVersion = 1;
	classes = {
	};
	objectVersion = 55;
	objects = {

/* Begin PBXBuildFile section */
		8707090602A16E3B549F4450 /* Pods_SnapkitExample.framework in Frameworks */ = {isa = PBXBuildFile; fileRef = 959192382F9996D8A4EA83E7 /* Pods_SnapkitExample.framework */; };
		AC35F8E627C76784007D0A84 /* AppDelegate.swift in Sources */ = {isa = PBXBuildFile; fileRef = AC35F8E527C76784007D0A84 /* AppDelegate.swift */; };
		AC35F8EF27C76786007D0A84 /* Assets.xcassets in Resources */ = {isa = PBXBuildFile; fileRef = AC35F8EE27C76786007D0A84 /* Assets.xcassets */; };
		AC35F8F227C76786007D0A84 /* LaunchScreen.storyboard in Resources */ = {isa = PBXBuildFile; fileRef = AC35F8F027C76786007D0A84 /* LaunchScreen.storyboard */; };
		AC35F8FA27C76A71007D0A84 /* ListViewController.swift in Sources */ = {isa = PBXBuildFile; fileRef = AC35F8F927C76A71007D0A84 /* ListViewController.swift */; };
		AC35F8FC27C76ABF007D0A84 /* SimpleLayoutViewController.swift in Sources */ = {isa = PBXBuildFile; fileRef = AC35F8FB27C76ABF007D0A84 /* SimpleLayoutViewController.swift */; };
		AC35F8FE27C76AE4007D0A84 /* BasicUIScrollViewController.swift in Sources */ = {isa = PBXBuildFile; fileRef = AC35F8FD27C76AE4007D0A84 /* BasicUIScrollViewController.swift */; };
		AC35F90027C76BC3007D0A84 /* SimpleTextViewController.swift in Sources */ = {isa = PBXBuildFile; fileRef = AC35F8FF27C76BC3007D0A84 /* SimpleTextViewController.swift */; };
/* End PBXBuildFile section */

/* Begin PBXFileReference section */
		5E166C2A4F8895B98EB66343 /* Pods-SnapkitExample.debug.xcconfig */ = {isa = PBXFileReference; includeInIndex = 1; lastKnownFileType = text.xcconfig; name = "Pods-SnapkitExample.debug.xcconfig"; path = "Target Support Files/Pods-SnapkitExample/Pods-SnapkitExample.debug.xcconfig"; sourceTree = "<group>"; };
		807230F7E35D0A501C104FC3 /* Pods-SnapkitExample.release.xcconfig */ = {isa = PBXFileReference; includeInIndex = 1; lastKnownFileType = text.xcconfig; name = "Pods-SnapkitExample.release.xcconfig"; path = "Target Support Files/Pods-SnapkitExample/Pods-SnapkitExample.release.xcconfig"; sourceTree = "<group>"; };
		959192382F9996D8A4EA83E7 /* Pods_SnapkitExample.framework */ = {isa = PBXFileReference; explicitFileType = wrapper.framework; includeInIndex = 0; path = Pods_SnapkitExample.framework; sourceTree = BUILT_PRODUCTS_DIR; };
		AC35F8E227C76784007D0A84 /* SnapkitExample.app */ = {isa = PBXFileReference; explicitFileType = wrapper.application; includeInIndex = 0; path = SnapkitExample.app; sourceTree = BUILT_PRODUCTS_DIR; };
		AC35F8E527C76784007D0A84 /* AppDelegate.swift */ = {isa = PBXFileReference; lastKnownFileType = sourcecode.swift; path = AppDelegate.swift; sourceTree = "<group>"; };
		AC35F8EE27C76786007D0A84 /* Assets.xcassets */ = {isa = PBXFileReference; lastKnownFileType = folder.assetcatalog; path = Assets.xcassets; sourceTree = "<group>"; };
		AC35F8F127C76786007D0A84 /* Base */ = {isa = PBXFileReference; lastKnownFileType = file.storyboard; name = Base; path = Base.lproj/LaunchScreen.storyboard; sourceTree = "<group>"; };
		AC35F8F327C76786007D0A84 /* Info.plist */ = {isa = PBXFileReference; lastKnownFileType = text.plist.xml; path = Info.plist; sourceTree = "<group>"; };
		AC35F8F927C76A71007D0A84 /* ListViewController.swift */ = {isa = PBXFileReference; lastKnownFileType = sourcecode.swift; path = ListViewController.swift; sourceTree = "<group>"; };
		AC35F8FB27C76ABF007D0A84 /* SimpleLayoutViewController.swift */ = {isa = PBXFileReference; lastKnownFileType = sourcecode.swift; path = SimpleLayoutViewController.swift; sourceTree = "<group>"; };
		AC35F8FD27C76AE4007D0A84 /* BasicUIScrollViewController.swift */ = {isa = PBXFileReference; lastKnownFileType = sourcecode.swift; path = BasicUIScrollViewController.swift; sourceTree = "<group>"; };
		AC35F8FF27C76BC3007D0A84 /* SimpleTextViewController.swift */ = {isa = PBXFileReference; lastKnownFileType = sourcecode.swift; path = SimpleTextViewController.swift; sourceTree = "<group>"; };
/* End PBXFileReference section */

/* Begin PBXFrameworksBuildPhase section */
		AC35F8DF27C76784007D0A84 /* Frameworks */ = {
			isa = PBXFrameworksBuildPhase;
			buildActionMask = 2147483647;
			files = (
				8707090602A16E3B549F4450 /* Pods_SnapkitExample.framework in Frameworks */,
			);
			runOnlyForDeploymentPostprocessing = 0;
		};
/* End PBXFrameworksBuildPhase section */

/* Begin PBXGroup section */
		8B956119FE9FAB5CF3697B7B /* Frameworks */ = {
			isa = PBXGroup;
			children = (
				959192382F9996D8A4EA83E7 /* Pods_SnapkitExample.framework */,
			);
			name = Frameworks;
			sourceTree = "<group>";
		};
		A4B9DBDAB771114D4DC90A72 /* Pods */ = {
			isa = PBXGroup;
			children = (
				5E166C2A4F8895B98EB66343 /* Pods-SnapkitExample.debug.xcconfig */,
				807230F7E35D0A501C104FC3 /* Pods-SnapkitExample.release.xcconfig */,
			);
			path = Pods;
			sourceTree = "<group>";
		};
		AC35F8D927C76784007D0A84 = {
			isa = PBXGroup;
			children = (
				AC35F8E427C76784007D0A84 /* SnapkitExample */,
				AC35F8E327C76784007D0A84 /* Products */,
				A4B9DBDAB771114D4DC90A72 /* Pods */,
				8B956119FE9FAB5CF3697B7B /* Frameworks */,
			);
			sourceTree = "<group>";
		};
		AC35F8E327C76784007D0A84 /* Products */ = {
			isa = PBXGroup;
			children = (
				AC35F8E227C76784007D0A84 /* SnapkitExample.app */,
			);
			name = Products;
			sourceTree = "<group>";
		};
		AC35F8E427C76784007D0A84 /* SnapkitExample */ = {
			isa = PBXGroup;
			children = (
				AC35F8E527C76784007D0A84 /* AppDelegate.swift */,
				AC35F8EE27C76786007D0A84 /* Assets.xcassets */,
				AC35F8F027C76786007D0A84 /* LaunchScreen.storyboard */,
				AC35F8F327C76786007D0A84 /* Info.plist */,
				AC35F8F927C76A71007D0A84 /* ListViewController.swift */,
				AC35F8FB27C76ABF007D0A84 /* SimpleLayoutViewController.swift */,
				AC35F8FD27C76AE4007D0A84 /* BasicUIScrollViewController.swift */,
				AC35F8FF27C76BC3007D0A84 /* SimpleTextViewController.swift */,
			);
			path = SnapkitExample;
			sourceTree = "<group>";
		};
/* End PBXGroup section */

/* Begin PBXNativeTarget section */
		AC35F8E127C76784007D0A84 /* SnapkitExample */ = {
			isa = PBXNativeTarget;
			buildConfigurationList = AC35F8F627C76786007D0A84 /* Build configuration list for PBXNativeTarget "SnapkitExample" */;
			buildPhases = (
				A6C35A84698063B82B2A12A6 /* [CP] Check Pods Manifest.lock */,
				AC35F8DE27C76784007D0A84 /* Sources */,
				AC35F8DF27C76784007D0A84 /* Frameworks */,
				AC35F8E027C76784007D0A84 /* Resources */,
				25C083163FE7E9CC62166BF4 /* [CP] Embed Pods Frameworks */,
			);
			buildRules = (
			);
			dependencies = (
			);
			name = SnapkitExample;
			productName = SnapkitExample;
			productReference = AC35F8E227C76784007D0A84 /* SnapkitExample.app */;
			productType = "com.apple.product-type.application";
		};
/* End PBXNativeTarget section */

/* Begin PBXProject section */
		AC35F8DA27C76784007D0A84 /* Project object */ = {
			isa = PBXProject;
			attributes = {
				BuildIndependentTargetsInParallel = 1;
				LastSwiftUpdateCheck = 1320;
				LastUpgradeCheck = 1320;
				TargetAttributes = {
					AC35F8E127C76784007D0A84 = {
						CreatedOnToolsVersion = 13.2.1;
					};
				};
			};
			buildConfigurationList = AC35F8DD27C76784007D0A84 /* Build configuration list for PBXProject "SnapkitExample" */;
			compatibilityVersion = "Xcode 13.0";
			developmentRegion = en;
			hasScannedForEncodings = 0;
			knownRegions = (
				en,
				Base,
			);
			mainGroup = AC35F8D927C76784007D0A84;
			productRefGroup = AC35F8E327C76784007D0A84 /* Products */;
			projectDirPath = "";
			projectRoot = "";
			targets = (
				AC35F8E127C76784007D0A84 /* SnapkitExample */,
			);
		};
/* End PBXProject section */

/* Begin PBXResourcesBuildPhase section */
		AC35F8E027C76784007D0A84 /* Resources */ = {
			isa = PBXResourcesBuildPhase;
			buildActionMask = 2147483647;
			files = (
				AC35F8F227C76786007D0A84 /* LaunchScreen.storyboard in Resources */,
				AC35F8EF27C76786007D0A84 /* Assets.xcassets in Resources */,
			);
			runOnlyForDeploymentPostprocessing = 0;
		};
/* End PBXResourcesBuildPhase section */

/* Begin PBXShellScriptBuildPhase section */
		25C083163FE7E9CC62166BF4 /* [CP] Embed Pods Frameworks */ = {
			isa = PBXShellScriptBuildPhase;
			buildActionMask = 2147483647;
			files = (
			);
			inputFileListPaths = (
				"${PODS_ROOT}/Target Support Files/Pods-SnapkitExample/Pods-SnapkitExample-frameworks-${CONFIGURATION}-input-files.xcfilelist",
			);
			name = "[CP] Embed Pods Frameworks";
			outputFileListPaths = (
				"${PODS_ROOT}/Target Support Files/Pods-SnapkitExample/Pods-SnapkitExample-frameworks-${CONFIGURATION}-output-files.xcfilelist",
			);
			runOnlyForDeploymentPostprocessing = 0;
			shellPath = /bin/sh;
			shellScript = "\"${PODS_ROOT}/Target Support Files/Pods-SnapkitExample/Pods-SnapkitExample-frameworks.sh\"\n";
			showEnvVarsInLog = 0;
		};
		A6C35A84698063B82B2A12A6 /* [CP] Check Pods Manifest.lock */ = {
			isa = PBXShellScriptBuildPhase;
			buildActionMask = 2147483647;
			files = (
			);
			inputFileListPaths = (
			);
			inputPaths = (
				"${PODS_PODFILE_DIR_PATH}/Podfile.lock",
				"${PODS_ROOT}/Manifest.lock",
			);
			name = "[CP] Check Pods Manifest.lock";
			outputFileListPaths = (
			);
			outputPaths = (
				"$(DERIVED_FILE_DIR)/Pods-SnapkitExample-checkManifestLockResult.txt",
			);
			runOnlyForDeploymentPostprocessing = 0;
			shellPath = /bin/sh;
			shellScript = "diff \"${PODS_PODFILE_DIR_PATH}/Podfile.lock\" \"${PODS_ROOT}/Manifest.lock\" > /dev/null\nif [ $? != 0 ] ; then\n    # print error to STDERR\n    echo \"error: The sandbox is not in sync with the Podfile.lock. Run 'pod install' or update your CocoaPods installation.\" >&2\n    exit 1\nfi\n# This output is used by Xcode 'outputs' to avoid re-running this script phase.\necho \"SUCCESS\" > \"${SCRIPT_OUTPUT_FILE_0}\"\n";
			showEnvVarsInLog = 0;
		};
/* End PBXShellScriptBuildPhase section */

/* Begin PBXSourcesBuildPhase section */
		AC35F8DE27C76784007D0A84 /* Sources */ = {
			isa = PBXSourcesBuildPhase;
			buildActionMask = 2147483647;
			files = (
				AC35F8FC27C76ABF007D0A84 /* SimpleLayoutViewController.swift in Sources */,
				AC35F90027C76BC3007D0A84 /* SimpleTextViewController.swift in Sources */,
				AC35F8E627C76784007D0A84 /* AppDelegate.swift in Sources */,
				AC35F8FE27C76AE4007D0A84 /* BasicUIScrollViewController.swift in Sources */,
				AC35F8FA27C76A71007D0A84 /* ListViewController.swift in Sources */,
			);
			runOnlyForDeploymentPostprocessing = 0;
		};
/* End PBXSourcesBuildPhase section */

/* Begin PBXVariantGroup section */
		AC35F8F027C76786007D0A84 /* LaunchScreen.storyboard */ = {
			isa = PBXVariantGroup;
			children = (
				AC35F8F127C76786007D0A84 /* Base */,
			);
			name = LaunchScreen.storyboard;
			sourceTree = "<group>";
		};
/* End PBXVariantGroup section */

/* Begin XCBuildConfiguration section */
		AC35F8F427C76786007D0A84 /* Debug */ = {
			isa = XCBuildConfiguration;
			buildSettings = {
				ALWAYS_SEARCH_USER_PATHS = NO;
				CLANG_ANALYZER_NONNULL = YES;
				CLANG_ANALYZER_NUMBER_OBJECT_CONVERSION = YES_AGGRESSIVE;
				CLANG_CXX_LANGUAGE_STANDARD = "gnu++17";
				CLANG_CXX_LIBRARY = "libc++";
				CLANG_ENABLE_MODULES = YES;
				CLANG_ENABLE_OBJC_ARC = YES;
				CLANG_ENABLE_OBJC_WEAK = YES;
				CLANG_WARN_BLOCK_CAPTURE_AUTORELEASING = YES;
				CLANG_WARN_BOOL_CONVERSION = YES;
				CLANG_WARN_COMMA = YES;
				CLANG_WARN_CONSTANT_CONVERSION = YES;
				CLANG_WARN_DEPRECATED_OBJC_IMPLEMENTATIONS = YES;
				CLANG_WARN_DIRECT_OBJC_ISA_USAGE = YES_ERROR;
				CLANG_WARN_DOCUMENTATION_COMMENTS = YES;
				CLANG_WARN_EMPTY_BODY = YES;
				CLANG_WARN_ENUM_CONVERSION = YES;
				CLANG_WARN_INFINITE_RECURSION = YES;
				CLANG_WARN_INT_CONVERSION = YES;
				CLANG_WARN_NON_LITERAL_NULL_CONVERSION = YES;
				CLANG_WARN_OBJC_IMPLICIT_RETAIN_SELF = YES;
				CLANG_WARN_OBJC_LITERAL_CONVERSION = YES;
				CLANG_WARN_OBJC_ROOT_CLASS = YES_ERROR;
				CLANG_WARN_QUOTED_INCLUDE_IN_FRAMEWORK_HEADER = YES;
				CLANG_WARN_RANGE_LOOP_ANALYSIS = YES;
				CLANG_WARN_STRICT_PROTOTYPES = YES;
				CLANG_WARN_SUSPICIOUS_MOVE = YES;
				CLANG_WARN_UNGUARDED_AVAILABILITY = YES_AGGRESSIVE;
				CLANG_WARN_UNREACHABLE_CODE = YES;
				CLANG_WARN__DUPLICATE_METHOD_MATCH = YES;
				COPY_PHASE_STRIP = NO;
				DEBUG_INFORMATION_FORMAT = dwarf;
				ENABLE_STRICT_OBJC_MSGSEND = YES;
				ENABLE_TESTABILITY = YES;
				GCC_C_LANGUAGE_STANDARD = gnu11;
				GCC_DYNAMIC_NO_PIC = NO;
				GCC_NO_COMMON_BLOCKS = YES;
				GCC_OPTIMIZATION_LEVEL = 0;
				GCC_PREPROCESSOR_DEFINITIONS = (
					"DEBUG=1",
					"$(inherited)",
				);
				GCC_WARN_64_TO_32_BIT_CONVERSION = YES;
				GCC_WARN_ABOUT_RETURN_TYPE = YES_ERROR;
				GCC_WARN_UNDECLARED_SELECTOR = YES;
				GCC_WARN_UNINITIALIZED_AUTOS = YES_AGGRESSIVE;
				GCC_WARN_UNUSED_FUNCTION = YES;
				GCC_WARN_UNUSED_VARIABLE = YES;
				IPHONEOS_DEPLOYMENT_TARGET = 15.2;
				MTL_ENABLE_DEBUG_INFO = INCLUDE_SOURCE;
				MTL_FAST_MATH = YES;
				ONLY_ACTIVE_ARCH = YES;
				SDKROOT = iphoneos;
				SWIFT_ACTIVE_COMPILATION_CONDITIONS = DEBUG;
				SWIFT_OPTIMIZATION_LEVEL = "-Onone";
			};
			name = Debug;
		};
		AC35F8F527C76786007D0A84 /* Release */ = {
			isa = XCBuildConfiguration;
			buildSettings = {
				ALWAYS_SEARCH_USER_PATHS = NO;
				CLANG_ANALYZER_NONNULL = YES;
				CLANG_ANALYZER_NUMBER_OBJECT_CONVERSION = YES_AGGRESSIVE;
				CLANG_CXX_LANGUAGE_STANDARD = "gnu++17";
				CLANG_CXX_LIBRARY = "libc++";
				CLANG_ENABLE_MODULES = YES;
				CLANG_ENABLE_OBJC_ARC = YES;
				CLANG_ENABLE_OBJC_WEAK = YES;
				CLANG_WARN_BLOCK_CAPTURE_AUTORELEASING = YES;
				CLANG_WARN_BOOL_CONVERSION = YES;
				CLANG_WARN_COMMA = YES;
				CLANG_WARN_CONSTANT_CONVERSION = YES;
				CLANG_WARN_DEPRECATED_OBJC_IMPLEMENTATIONS = YES;
				CLANG_WARN_DIRECT_OBJC_ISA_USAGE = YES_ERROR;
				CLANG_WARN_DOCUMENTATION_COMMENTS = YES;
				CLANG_WARN_EMPTY_BODY = YES;
				CLANG_WARN_ENUM_CONVERSION = YES;
				CLANG_WARN_INFINITE_RECURSION = YES;
				CLANG_WARN_INT_CONVERSION = YES;
				CLANG_WARN_NON_LITERAL_NULL_CONVERSION = YES;
				CLANG_WARN_OBJC_IMPLICIT_RETAIN_SELF = YES;
				CLANG_WARN_OBJC_LITERAL_CONVERSION = YES;
				CLANG_WARN_OBJC_ROOT_CLASS = YES_ERROR;
				CLANG_WARN_QUOTED_INCLUDE_IN_FRAMEWORK_HEADER = YES;
				CLANG_WARN_RANGE_LOOP_ANALYSIS = YES;
				CLANG_WARN_STRICT_PROTOTYPES = YES;
				CLANG_WARN_SUSPICIOUS_MOVE = YES;
				CLANG_WARN_UNGUARDED_AVAILABILITY = YES_AGGRESSIVE;
				CLANG_WARN_UNREACHABLE_CODE = YES;
				CLANG_WARN__DUPLICATE_METHOD_MATCH = YES;
				COPY_PHASE_STRIP = NO;
				DEBUG_INFORMATION_FORMAT = "dwarf-with-dsym";
				ENABLE_NS_ASSERTIONS = NO;
				ENABLE_STRICT_OBJC_MSGSEND = YES;
				GCC_C_LANGUAGE_STANDARD = gnu11;
				GCC_NO_COMMON_BLOCKS = YES;
				GCC_WARN_64_TO_32_BIT_CONVERSION = YES;
				GCC_WARN_ABOUT_RETURN_TYPE = YES_ERROR;
				GCC_WARN_UNDECLARED_SELECTOR = YES;
				GCC_WARN_UNINITIALIZED_AUTOS = YES_AGGRESSIVE;
				GCC_WARN_UNUSED_FUNCTION = YES;
				GCC_WARN_UNUSED_VARIABLE = YES;
				IPHONEOS_DEPLOYMENT_TARGET = 15.2;
				MTL_ENABLE_DEBUG_INFO = NO;
				MTL_FAST_MATH = YES;
				SDKROOT = iphoneos;
				SWIFT_COMPILATION_MODE = wholemodule;
				SWIFT_OPTIMIZATION_LEVEL = "-O";
				VALIDATE_PRODUCT = YES;
			};
			name = Release;
		};
		AC35F8F727C76786007D0A84 /* Debug */ = {
			isa = XCBuildConfiguration;
			baseConfigurationReference = 5E166C2A4F8895B98EB66343 /* Pods-SnapkitExample.debug.xcconfig */;
			buildSettings = {
				ASSETCATALOG_COMPILER_APPICON_NAME = AppIcon;
				ASSETCATALOG_COMPILER_GLOBAL_ACCENT_COLOR_NAME = AccentColor;
				CODE_SIGN_STYLE = Automatic;
				CURRENT_PROJECT_VERSION = 1;
				DEVELOPMENT_TEAM = "";
				GENERATE_INFOPLIST_FILE = YES;
				INFOPLIST_FILE = SnapkitExample/Info.plist;
				INFOPLIST_KEY_UIApplicationSupportsIndirectInputEvents = YES;
				INFOPLIST_KEY_UILaunchStoryboardName = LaunchScreen;
				INFOPLIST_KEY_UISupportedInterfaceOrientations_iPad = "UIInterfaceOrientationPortrait UIInterfaceOrientationPortraitUpsideDown UIInterfaceOrientationLandscapeLeft UIInterfaceOrientationLandscapeRight";
				INFOPLIST_KEY_UISupportedInterfaceOrientations_iPhone = "UIInterfaceOrientationPortrait UIInterfaceOrientationLandscapeLeft UIInterfaceOrientationLandscapeRight";
				LD_RUNPATH_SEARCH_PATHS = (
					"$(inherited)",
					"@executable_path/Frameworks",
				);
				MARKETING_VERSION = 1.0;
				PRODUCT_BUNDLE_IDENTIFIER = com.coolishbee.SnapkitExample;
				PRODUCT_NAME = "$(TARGET_NAME)";
				SWIFT_EMIT_LOC_STRINGS = YES;
				SWIFT_VERSION = 5.0;
				TARGETED_DEVICE_FAMILY = "1,2";
			};
			name = Debug;
		};
		AC35F8F827C76786007D0A84 /* Release */ = {
			isa = XCBuildConfiguration;
			baseConfigurationReference = 807230F7E35D0A501C104FC3 /* Pods-SnapkitExample.release.xcconfig */;
			buildSettings = {
				ASSETCATALOG_COMPILER_APPICON_NAME = AppIcon;
				ASSETCATALOG_COMPILER_GLOBAL_ACCENT_COLOR_NAME = AccentColor;
				CODE_SIGN_STYLE = Automatic;
				CURRENT_PROJECT_VERSION = 1;
				DEVELOPMENT_TEAM = "";
				GENERATE_INFOPLIST_FILE = YES;
				INFOPLIST_FILE = SnapkitExample/Info.plist;
				INFOPLIST_KEY_UIApplicationSupportsIndirectInputEvents = YES;
				INFOPLIST_KEY_UILaunchStoryboardName = LaunchScreen;
				INFOPLIST_KEY_UISupportedInterfaceOrientations_iPad = "UIInterfaceOrientationPortrait UIInterfaceOrientationPortraitUpsideDown UIInterfaceOrientationLandscapeLeft UIInterfaceOrientationLandscapeRight";
				INFOPLIST_KEY_UISupportedInterfaceOrientations_iPhone = "UIInterfaceOrientationPortrait UIInterfaceOrientationLandscapeLeft UIInterfaceOrientationLandscapeRight";
				LD_RUNPATH_SEARCH_PATHS = (
					"$(inherited)",
					"@executable_path/Frameworks",
				);
				MARKETING_VERSION = 1.0;
				PRODUCT_BUNDLE_IDENTIFIER = com.coolishbee.SnapkitExample;
				PRODUCT_NAME = "$(TARGET_NAME)";
				SWIFT_EMIT_LOC_STRINGS = YES;
				SWIFT_VERSION = 5.0;
				TARGETED_DEVICE_FAMILY = "1,2";
			};
			name = Release;
		};
/* End XCBuildConfiguration section */

/* Begin XCConfigurationList section */
		AC35F8DD27C76784007D0A84 /* Build configuration list for PBXProject "SnapkitExample" */ = {
			isa = XCConfigurationList;
			buildConfigurations = (
				AC35F8F427C76786007D0A84 /* Debug */,
				AC35F8F527C76786007D0A84 /* Release */,
			);
			defaultConfigurationIsVisible = 0;
			defaultConfigurationName = Release;
		};
		AC35F8F627C76786007D0A84 /* Build configuration list for PBXNativeTarget "SnapkitExample" */ = {
			isa = XCConfigurationList;
			buildConfigurations = (
				AC35F8F727C76786007D0A84 /* Debug */,
				AC35F8F827C76786007D0A84 /* Release */,
			);
			defaultConfigurationIsVisible = 0;
			defaultConfigurationName = Release;
		};
/* End XCConfigurationList section */
	};
	rootObject = AC35F8DA27C76784007D0A84 /* Project object */;
}
